
Microsoft Visual Studio Solution File, Format Version 12.00
# Visual Studio Version 17
VisualStudioVersion = 17.8.34525.116
MinimumVisualStudioVersion = 10.0.40219.1
Project("{9A19103F-16F7-4668-BE54-9A1E7A4F7556}") = "MVC", "MVC\MVC.csproj", "{168C852D-9EC0-401A-8FED-E260450E173E}"
EndProject
Project("{9A19103F-16F7-4668-BE54-9A1E7A4F7556}") = "DataAccess", "DataAccess\DataAccess.csproj", "{7C466EFF-A706-4E4E-94E7-3380ECB56CA1}"
EndProject
Project("{FAE04EC0-301F-11D3-BF4B-00C04F79EFBC}") = "Business", "Business\Business.csproj", "{B0919FA7-E940-4746-B477-1B0FCB518C55}"
EndProject
Global
	GlobalSection(SolutionConfigurationPlatforms) = preSolution
		Debug|Any CPU = Debug|Any CPU
		Release|Any CPU = Release|Any CPU
	EndGlobalSection
	GlobalSection(ProjectConfigurationPlatforms) = postSolution
		{168C852D-9EC0-401A-8FED-E260450E173E}.Debug|Any CPU.ActiveCfg = Debug|Any CPU
		{168C852D-9EC0-401A-8FED-E260450E173E}.Debug|Any CPU.Build.0 = Debug|Any CPU
		{168C852D-9EC0-401A-8FED-E260450E173E}.Release|Any CPU.ActiveCfg = Release|Any CPU
		{168C852D-9EC0-401A-8FED-E260450E173E}.Release|Any CPU.Build.0 = Release|Any CPU
		{7C466EFF-A706-4E4E-94E7-3380ECB56CA1}.Debug|Any CPU.ActiveCfg = Debug|Any CPU
		{7C466EFF-A706-4E4E-94E7-3380ECB56CA1}.Debug|Any CPU.Build.0 = Debug|Any CPU
		{7C466EFF-A706-4E4E-94E7-3380ECB56CA1}.Release|Any CPU.ActiveCfg = Release|Any CPU
		{7C466EFF-A706-4E4E-94E7-3380ECB56CA1}.Release|Any CPU.Build.0 = Release|Any CPU
		{B0919FA7-E940-4746-B477-1B0FCB518C55}.Debug|Any CPU.ActiveCfg = Debug|Any CPU
		{B0919FA7-E940-4746-B477-1B0FCB518C55}.Debug|Any CPU.Build.0 = Debug|Any CPU
		{B0919FA7-E940-4746-B477-1B0FCB518C55}.Release|Any CPU.ActiveCfg = Release|Any CPU
		{B0919FA7-E940-4746-B477-1B0FCB518C55}.Release|Any CPU.Build.0 = Release|Any CPU
	EndGlobalSection
	GlobalSection(SolutionProperties) = preSolution
		HideSolutionNode = FALSE
	EndGlobalSection
	GlobalSection(ExtensibilityGlobals) = postSolution
		SolutionGuid = {37A05078-6722-4FF1-9FCC-1EF23E287DAD}
	EndGlobalSection
EndGlobal
